
Microsoft Visual Studio Solution File, Format Version 12.00
# Visual Studio Version 17
VisualStudioVersion = 17.3.32922.545
MinimumVisualStudioVersion = 10.0.40219.1
Project("{FAE04EC0-301F-11D3-BF4B-00C04F79EFBC}") = "Version_1", "TheArtOfUnitTesting\Version_1.csproj", "{770A6376-7B15-4561-A1DB-E89DA47A85EC}"
EndProject
Project("{FAE04EC0-301F-11D3-BF4B-00C04F79EFBC}") = "Version_2", "Version_2\Version_2.csproj", "{779AA701-F457-472D-BF9D-5D4B6398D690}"
EndProject
Global
	GlobalSection(SolutionConfigurationPlatforms) = preSolution
		Debug|Any CPU = Debug|Any CPU
		Release|Any CPU = Release|Any CPU
	EndGlobalSection
	GlobalSection(ProjectConfigurationPlatforms) = postSolution
		{770A6376-7B15-4561-A1DB-E89DA47A85EC}.Debug|Any CPU.ActiveCfg = Debug|Any CPU
		{770A6376-7B15-4561-A1DB-E89DA47A85EC}.Debug|Any CPU.Build.0 = Debug|Any CPU
		{770A6376-7B15-4561-A1DB-E89DA47A85EC}.Release|Any CPU.ActiveCfg = Release|Any CPU
		{770A6376-7B15-4561-A1DB-E89DA47A85EC}.Release|Any CPU.Build.0 = Release|Any CPU
		{779AA701-F457-472D-BF9D-5D4B6398D690}.Debug|Any CPU.ActiveCfg = Debug|Any CPU
		{779AA701-F457-472D-BF9D-5D4B6398D690}.Debug|Any CPU.Build.0 = Debug|Any CPU
		{779AA701-F457-472D-BF9D-5D4B6398D690}.Release|Any CPU.ActiveCfg = Release|Any CPU
		{779AA701-F457-472D-BF9D-5D4B6398D690}.Release|Any CPU.Build.0 = Release|Any CPU
	EndGlobalSection
	GlobalSection(SolutionProperties) = preSolution
		HideSolutionNode = FALSE
	EndGlobalSection
	GlobalSection(ExtensibilityGlobals) = postSolution
		SolutionGuid = {F1E1FCC3-2756-4583-8377-8B0D18DBD8B6}
	EndGlobalSection
EndGlobal
